
Microsoft Visual Studio Solution File, Format Version 12.00
# Visual Studio Version 17
VisualStudioVersion = 17.4.33205.214
MinimumVisualStudioVersion = 10.0.40219.1
Project("{9A19103F-16F7-4668-BE54-9A1E7A4F7556}") = "CSharpeConcept", "CSharpeConcept\CSharpeConcept.csproj", "{188AB2CC-C232-408C-ACF3-9223E35F26CC}"
EndProject
Project("{9A19103F-16F7-4668-BE54-9A1E7A4F7556}") = "CsharpAssignment", "CsharpAssignment\CsharpAssignment.csproj", "{52A67B6E-8B68-4EC0-B83D-27FF6BD0C65C}"
EndProject
Project("{9A19103F-16F7-4668-BE54-9A1E7A4F7556}") = "Employeeproject", "Employeeproject\Employeeproject.csproj", "{B222DE12-28DB-4580-A3CA-0958A0B050E2}"
EndProject
Project("{FAE04EC0-301F-11D3-BF4B-00C04F79EFBC}") = "SchoolManagement", "SchoolManagement\SchoolManagement.csproj", "{FE14ED8D-9BB6-4619-9B57-AC67FF8F72A2}"
EndProject
Project("{FAE04EC0-301F-11D3-BF4B-00C04F79EFBC}") = "ShoppingCartProject", "ShoppingCartProject\ShoppingCartProject.csproj", "{B36E40AB-708D-4CDC-A86D-293DBE7C810F}"
EndProject
Project("{FAE04EC0-301F-11D3-BF4B-00C04F79EFBC}") = "SeleniumConcept", "SeleniumConcept\SeleniumConcept.csproj", "{4A460DD7-3AE9-4AC3-A2C6-4C7CDC3F690E}"
EndProject
Project("{FAE04EC0-301F-11D3-BF4B-00C04F79EFBC}") = "Parabank", "Parabank\Parabank.csproj", "{C2E017EC-8B85-420C-9289-143FF0F6DF26}"
EndProject
Project("{FAE04EC0-301F-11D3-BF4B-00C04F79EFBC}") = "demoguru99", "demoguru99\demoguru99.csproj", "{9029326D-DF85-4999-ACF9-9890F9EBD13B}"
EndProject
Project("{FAE04EC0-301F-11D3-BF4B-00C04F79EFBC}") = "FaceBook", "FaceBook\FaceBook.csproj", "{6FCBC6B5-6421-402B-AA7B-AF5747C39C35}"
EndProject
Project("{FAE04EC0-301F-11D3-BF4B-00C04F79EFBC}") = "SalesForceProject", "SalesForceProject\SalesForceProject.csproj", "{C50FC72A-F71B-40D4-A6C1-90844161F738}"
EndProject
Project("{FAE04EC0-301F-11D3-BF4B-00C04F79EFBC}") = "GoToMeeting", "GoToMeeting\GoToMeeting.csproj", "{AE2433A0-E1DB-4974-B114-2185B16716AE}"
EndProject
Project("{FAE04EC0-301F-11D3-BF4B-00C04F79EFBC}") = "Medibuddy", "Medibuddy\Medibuddy.csproj", "{9AF2628B-D63A-407D-857E-2DAEBEC8C608}"
EndProject
Project("{FAE04EC0-301F-11D3-BF4B-00C04F79EFBC}") = "nasscom", "nasscom\nasscom.csproj", "{0DCA1C2A-1D66-455D-B6D4-A34D93D89E41}"
EndProject
Project("{FAE04EC0-301F-11D3-BF4B-00C04F79EFBC}") = "oracle", "oracle\oracle.csproj", "{5A8F1D06-35B0-4ED8-BFC3-8943751D1AFC}"
EndProject
Global
	GlobalSection(SolutionConfigurationPlatforms) = preSolution
		Debug|Any CPU = Debug|Any CPU
		Release|Any CPU = Release|Any CPU
	EndGlobalSection
	GlobalSection(ProjectConfigurationPlatforms) = postSolution
		{188AB2CC-C232-408C-ACF3-9223E35F26CC}.Debug|Any CPU.ActiveCfg = Debug|Any CPU
		{188AB2CC-C232-408C-ACF3-9223E35F26CC}.Debug|Any CPU.Build.0 = Debug|Any CPU
		{188AB2CC-C232-408C-ACF3-9223E35F26CC}.Release|Any CPU.ActiveCfg = Release|Any CPU
		{188AB2CC-C232-408C-ACF3-9223E35F26CC}.Release|Any CPU.Build.0 = Release|Any CPU
		{52A67B6E-8B68-4EC0-B83D-27FF6BD0C65C}.Debug|Any CPU.ActiveCfg = Debug|Any CPU
		{52A67B6E-8B68-4EC0-B83D-27FF6BD0C65C}.Debug|Any CPU.Build.0 = Debug|Any CPU
		{52A67B6E-8B68-4EC0-B83D-27FF6BD0C65C}.Release|Any CPU.ActiveCfg = Release|Any CPU
		{52A67B6E-8B68-4EC0-B83D-27FF6BD0C65C}.Release|Any CPU.Build.0 = Release|Any CPU
		{B222DE12-28DB-4580-A3CA-0958A0B050E2}.Debug|Any CPU.ActiveCfg = Debug|Any CPU
		{B222DE12-28DB-4580-A3CA-0958A0B050E2}.Debug|Any CPU.Build.0 = Debug|Any CPU
		{B222DE12-28DB-4580-A3CA-0958A0B050E2}.Release|Any CPU.ActiveCfg = Release|Any CPU
		{B222DE12-28DB-4580-A3CA-0958A0B050E2}.Release|Any CPU.Build.0 = Release|Any CPU
		{FE14ED8D-9BB6-4619-9B57-AC67FF8F72A2}.Debug|Any CPU.ActiveCfg = Debug|Any CPU
		{FE14ED8D-9BB6-4619-9B57-AC67FF8F72A2}.Debug|Any CPU.Build.0 = Debug|Any CPU
		{FE14ED8D-9BB6-4619-9B57-AC67FF8F72A2}.Release|Any CPU.ActiveCfg = Release|Any CPU
		{FE14ED8D-9BB6-4619-9B57-AC67FF8F72A2}.Release|Any CPU.Build.0 = Release|Any CPU
		{B36E40AB-708D-4CDC-A86D-293DBE7C810F}.Debug|Any CPU.ActiveCfg = Debug|Any CPU
		{B36E40AB-708D-4CDC-A86D-293DBE7C810F}.Debug|Any CPU.Build.0 = Debug|Any CPU
		{B36E40AB-708D-4CDC-A86D-293DBE7C810F}.Release|Any CPU.ActiveCfg = Release|Any CPU
		{B36E40AB-708D-4CDC-A86D-293DBE7C810F}.Release|Any CPU.Build.0 = Release|Any CPU
		{4A460DD7-3AE9-4AC3-A2C6-4C7CDC3F690E}.Debug|Any CPU.ActiveCfg = Debug|Any CPU
		{4A460DD7-3AE9-4AC3-A2C6-4C7CDC3F690E}.Debug|Any CPU.Build.0 = Debug|Any CPU
		{4A460DD7-3AE9-4AC3-A2C6-4C7CDC3F690E}.Release|Any CPU.ActiveCfg = Release|Any CPU
		{4A460DD7-3AE9-4AC3-A2C6-4C7CDC3F690E}.Release|Any CPU.Build.0 = Release|Any CPU
		{C2E017EC-8B85-420C-9289-143FF0F6DF26}.Debug|Any CPU.ActiveCfg = Debug|Any CPU
		{C2E017EC-8B85-420C-9289-143FF0F6DF26}.Debug|Any CPU.Build.0 = Debug|Any CPU
		{C2E017EC-8B85-420C-9289-143FF0F6DF26}.Release|Any CPU.ActiveCfg = Release|Any CPU
		{C2E017EC-8B85-420C-9289-143FF0F6DF26}.Release|Any CPU.Build.0 = Release|Any CPU
		{9029326D-DF85-4999-ACF9-9890F9EBD13B}.Debug|Any CPU.ActiveCfg = Debug|Any CPU
		{9029326D-DF85-4999-ACF9-9890F9EBD13B}.Debug|Any CPU.Build.0 = Debug|Any CPU
		{9029326D-DF85-4999-ACF9-9890F9EBD13B}.Release|Any CPU.ActiveCfg = Release|Any CPU
		{9029326D-DF85-4999-ACF9-9890F9EBD13B}.Release|Any CPU.Build.0 = Release|Any CPU
		{6FCBC6B5-6421-402B-AA7B-AF5747C39C35}.Debug|Any CPU.ActiveCfg = Debug|Any CPU
		{6FCBC6B5-6421-402B-AA7B-AF5747C39C35}.Debug|Any CPU.Build.0 = Debug|Any CPU
		{6FCBC6B5-6421-402B-AA7B-AF5747C39C35}.Release|Any CPU.ActiveCfg = Release|Any CPU
		{6FCBC6B5-6421-402B-AA7B-AF5747C39C35}.Release|Any CPU.Build.0 = Release|Any CPU
		{C50FC72A-F71B-40D4-A6C1-90844161F738}.Debug|Any CPU.ActiveCfg = Debug|Any CPU
		{C50FC72A-F71B-40D4-A6C1-90844161F738}.Debug|Any CPU.Build.0 = Debug|Any CPU
		{C50FC72A-F71B-40D4-A6C1-90844161F738}.Release|Any CPU.ActiveCfg = Release|Any CPU
		{C50FC72A-F71B-40D4-A6C1-90844161F738}.Release|Any CPU.Build.0 = Release|Any CPU
		{AE2433A0-E1DB-4974-B114-2185B16716AE}.Debug|Any CPU.ActiveCfg = Debug|Any CPU
		{AE2433A0-E1DB-4974-B114-2185B16716AE}.Debug|Any CPU.Build.0 = Debug|Any CPU
		{AE2433A0-E1DB-4974-B114-2185B16716AE}.Release|Any CPU.ActiveCfg = Release|Any CPU
		{AE2433A0-E1DB-4974-B114-2185B16716AE}.Release|Any CPU.Build.0 = Release|Any CPU
		{9AF2628B-D63A-407D-857E-2DAEBEC8C608}.Debug|Any CPU.ActiveCfg = Debug|Any CPU
		{9AF2628B-D63A-407D-857E-2DAEBEC8C608}.Debug|Any CPU.Build.0 = Debug|Any CPU
		{9AF2628B-D63A-407D-857E-2DAEBEC8C608}.Release|Any CPU.ActiveCfg = Release|Any CPU
		{9AF2628B-D63A-407D-857E-2DAEBEC8C608}.Release|Any CPU.Build.0 = Release|Any CPU
		{0DCA1C2A-1D66-455D-B6D4-A34D93D89E41}.Debug|Any CPU.ActiveCfg = Debug|Any CPU
		{0DCA1C2A-1D66-455D-B6D4-A34D93D89E41}.Debug|Any CPU.Build.0 = Debug|Any CPU
		{0DCA1C2A-1D66-455D-B6D4-A34D93D89E41}.Release|Any CPU.ActiveCfg = Release|Any CPU
		{0DCA1C2A-1D66-455D-B6D4-A34D93D89E41}.Release|Any CPU.Build.0 = Release|Any CPU
		{5A8F1D06-35B0-4ED8-BFC3-8943751D1AFC}.Debug|Any CPU.ActiveCfg = Debug|Any CPU
		{5A8F1D06-35B0-4ED8-BFC3-8943751D1AFC}.Debug|Any CPU.Build.0 = Debug|Any CPU
		{5A8F1D06-35B0-4ED8-BFC3-8943751D1AFC}.Release|Any CPU.ActiveCfg = Release|Any CPU
		{5A8F1D06-35B0-4ED8-BFC3-8943751D1AFC}.Release|Any CPU.Build.0 = Release|Any CPU
	EndGlobalSection
	GlobalSection(SolutionProperties) = preSolution
		HideSolutionNode = FALSE
	EndGlobalSection
	GlobalSection(ExtensibilityGlobals) = postSolution
		SolutionGuid = {54DEDA23-E4A5-41E2-B074-3BDB41800369}
	EndGlobalSection
EndGlobal
